// !$*UTF8*$!
{
	archiveVersion = 1;
	classes = {
	};
	objectVersion = 46;
	objects = {

/* Begin PBXBuildFile section */
		FA1FE32F205DFE4E007D6DC7 /* cities_usa.sqlite in Resources */ = {isa = PBXBuildFile; fileRef = FA1FE32E205DFE4E007D6DC7 /* cities_usa.sqlite */; };
		FA7B64AF205CDF6B00E583BA /* MapViewController.swift in Sources */ = {isa = PBXBuildFile; fileRef = FA7B64AE205CDF6B00E583BA /* MapViewController.swift */; };
		FA7B64B2205CE80200E583BA /* libsqlite3.tbd in Frameworks */ = {isa = PBXBuildFile; fileRef = FA7B64B1205CE80200E583BA /* libsqlite3.tbd */; };
		FA95926E205F05C2002F440F /* MapKit.framework in Frameworks */ = {isa = PBXBuildFile; fileRef = FA95926D205F05C2002F440F /* MapKit.framework */; };
		FA959270205F2E6D002F440F /* Model.swift in Sources */ = {isa = PBXBuildFile; fileRef = FA95926F205F2E6D002F440F /* Model.swift */; };
		FAA7042E205BF71300BDB76A /* AppDelegate.swift in Sources */ = {isa = PBXBuildFile; fileRef = FAA7042D205BF71300BDB76A /* AppDelegate.swift */; };
		FAA70430205BF71300BDB76A /* ViewController.swift in Sources */ = {isa = PBXBuildFile; fileRef = FAA7042F205BF71300BDB76A /* ViewController.swift */; };
		FAA70433205BF71300BDB76A /* Main.storyboard in Resources */ = {isa = PBXBuildFile; fileRef = FAA70431205BF71300BDB76A /* Main.storyboard */; };
		FAA70435205BF71300BDB76A /* Assets.xcassets in Resources */ = {isa = PBXBuildFile; fileRef = FAA70434205BF71300BDB76A /* Assets.xcassets */; };
		FAA70438205BF71300BDB76A /* LaunchScreen.storyboard in Resources */ = {isa = PBXBuildFile; fileRef = FAA70436205BF71300BDB76A /* LaunchScreen.storyboard */; };
/* End PBXBuildFile section */

/* Begin PBXFileReference section */
		FA1FE32E205DFE4E007D6DC7 /* cities_usa.sqlite */ = {isa = PBXFileReference; lastKnownFileType = file; path = cities_usa.sqlite; sourceTree = "<group>"; };
		FA7B64AE205CDF6B00E583BA /* MapViewController.swift */ = {isa = PBXFileReference; fileEncoding = 4; lastKnownFileType = sourcecode.swift; path = MapViewController.swift; sourceTree = "<group>"; };
		FA7B64B1205CE80200E583BA /* libsqlite3.tbd */ = {isa = PBXFileReference; lastKnownFileType = "sourcecode.text-based-dylib-definition"; name = libsqlite3.tbd; path = usr/lib/libsqlite3.tbd; sourceTree = SDKROOT; };
		FA7B64B3205CE89400E583BA /* Bridging-Header.h */ = {isa = PBXFileReference; lastKnownFileType = sourcecode.c.h; path = "Bridging-Header.h"; sourceTree = "<group>"; };
		FA95926D205F05C2002F440F /* MapKit.framework */ = {isa = PBXFileReference; lastKnownFileType = wrapper.framework; name = MapKit.framework; path = System/Library/Frameworks/MapKit.framework; sourceTree = SDKROOT; };
		FA95926F205F2E6D002F440F /* Model.swift */ = {isa = PBXFileReference; fileEncoding = 4; lastKnownFileType = sourcecode.swift; path = Model.swift; sourceTree = "<group>"; };
		FAA7042A205BF71300BDB76A /* SQLiteCitySearch.app */ = {isa = PBXFileReference; explicitFileType = wrapper.application; includeInIndex = 0; path = SQLiteCitySearch.app; sourceTree = BUILT_PRODUCTS_DIR; };
		FAA7042D205BF71300BDB76A /* AppDelegate.swift */ = {isa = PBXFileReference; lastKnownFileType = sourcecode.swift; path = AppDelegate.swift; sourceTree = "<group>"; };
		FAA7042F205BF71300BDB76A /* ViewController.swift */ = {isa = PBXFileReference; lastKnownFileType = sourcecode.swift; path = ViewController.swift; sourceTree = "<group>"; };
		FAA70432205BF71300BDB76A /* Base */ = {isa = PBXFileReference; lastKnownFileType = file.storyboard; name = Base; path = Base.lproj/Main.storyboard; sourceTree = "<group>"; };
		FAA70434205BF71300BDB76A /* Assets.xcassets */ = {isa = PBXFileReference; lastKnownFileType = folder.assetcatalog; path = Assets.xcassets; sourceTree = "<group>"; };
		FAA70437205BF71300BDB76A /* Base */ = {isa = PBXFileReference; lastKnownFileType = file.storyboard; name = Base; path = Base.lproj/LaunchScreen.storyboard; sourceTree = "<group>"; };
		FAA70439205BF71300BDB76A /* Info.plist */ = {isa = PBXFileReference; lastKnownFileType = text.plist.xml; path = Info.plist; sourceTree = "<group>"; };
/* End PBXFileReference section */

/* Begin PBXFrameworksBuildPhase section */
		FAA70427205BF71300BDB76A /* Frameworks */ = {
			isa = PBXFrameworksBuildPhase;
			buildActionMask = 2147483647;
			files = (
				FA95926E205F05C2002F440F /* MapKit.framework in Frameworks */,
				FA7B64B2205CE80200E583BA /* libsqlite3.tbd in Frameworks */,
			);
			runOnlyForDeploymentPostprocessing = 0;
		};
/* End PBXFrameworksBuildPhase section */

/* Begin PBXGroup section */
		FA7B64B0205CE80200E583BA /* Frameworks */ = {
			isa = PBXGroup;
			children = (
				FA95926D205F05C2002F440F /* MapKit.framework */,
				FA7B64B1205CE80200E583BA /* libsqlite3.tbd */,
			);
			name = Frameworks;
			sourceTree = "<group>";
		};
		FA95926C205EB86A002F440F /* ViewControllers */ = {
			isa = PBXGroup;
			children = (
				FAA7042F205BF71300BDB76A /* ViewController.swift */,
				FA7B64AE205CDF6B00E583BA /* MapViewController.swift */,
			);
			name = ViewControllers;
			sourceTree = "<group>";
		};
		FAA70421205BF71200BDB76A = {
			isa = PBXGroup;
			children = (
				FA1FE32E205DFE4E007D6DC7 /* cities_usa.sqlite */,
				FA7B64B3205CE89400E583BA /* Bridging-Header.h */,
				FAA7042C205BF71300BDB76A /* SQLiteCitySearch */,
				FAA7042B205BF71300BDB76A /* Products */,
				FA7B64B0205CE80200E583BA /* Frameworks */,
			);
			sourceTree = "<group>";
		};
		FAA7042B205BF71300BDB76A /* Products */ = {
			isa = PBXGroup;
			children = (
				FAA7042A205BF71300BDB76A /* SQLiteCitySearch.app */,
			);
			name = Products;
			sourceTree = "<group>";
		};
		FAA7042C205BF71300BDB76A /* SQLiteCitySearch */ = {
			isa = PBXGroup;
			children = (
				FA95926C205EB86A002F440F /* ViewControllers */,
				FAA7042D205BF71300BDB76A /* AppDelegate.swift */,
				FAA70431205BF71300BDB76A /* Main.storyboard */,
				FAA70434205BF71300BDB76A /* Assets.xcassets */,
				FAA70436205BF71300BDB76A /* LaunchScreen.storyboard */,
				FAA70439205BF71300BDB76A /* Info.plist */,
				FA95926F205F2E6D002F440F /* Model.swift */,
			);
			path = SQLiteCitySearch;
			sourceTree = "<group>";
		};
/* End PBXGroup section */

/* Begin PBXNativeTarget section */
		FAA70429205BF71300BDB76A /* SQLiteCitySearch */ = {
			isa = PBXNativeTarget;
			buildConfigurationList = FAA7043C205BF71300BDB76A /* Build configuration list for PBXNativeTarget "SQLiteCitySearch" */;
			buildPhases = (
				FAA70426205BF71300BDB76A /* Sources */,
				FAA70427205BF71300BDB76A /* Frameworks */,
				FAA70428205BF71300BDB76A /* Resources */,
			);
			buildRules = (
			);
			dependencies = (
			);
			name = SQLiteCitySearch;
			productName = SQLiteCitySearch;
			productReference = FAA7042A205BF71300BDB76A /* SQLiteCitySearch.app */;
			productType = "com.apple.product-type.application";
		};
/* End PBXNativeTarget section */

/* Begin PBXProject section */
		FAA70422205BF71300BDB76A /* Project object */ = {
			isa = PBXProject;
			attributes = {
				LastSwiftUpdateCheck = 0820;
				LastUpgradeCheck = 0820;
				ORGANIZATIONNAME = Jaminya;
				TargetAttributes = {
					FAA70429205BF71300BDB76A = {
						CreatedOnToolsVersion = 8.2.1;
						DevelopmentTeam = GHNVAZGF88;
						ProvisioningStyle = Automatic;
					};
				};
			};
			buildConfigurationList = FAA70425205BF71300BDB76A /* Build configuration list for PBXProject "SQLiteCitySearch" */;
			compatibilityVersion = "Xcode 3.2";
			developmentRegion = English;
			hasScannedForEncodings = 0;
			knownRegions = (
				en,
				Base,
			);
			mainGroup = FAA70421205BF71200BDB76A;
			productRefGroup = FAA7042B205BF71300BDB76A /* Products */;
			projectDirPath = "";
			projectRoot = "";
			targets = (
				FAA70429205BF71300BDB76A /* SQLiteCitySearch */,
			);
		};
/* End PBXProject section */

/* Begin PBXResourcesBuildPhase section */
		FAA70428205BF71300BDB76A /* Resources */ = {
			isa = PBXResourcesBuildPhase;
			buildActionMask = 2147483647;
			files = (
				FAA70438205BF71300BDB76A /* LaunchScreen.storyboard in Resources */,
				FAA70435205BF71300BDB76A /* Assets.xcassets in Resources */,
				FA1FE32F205DFE4E007D6DC7 /* cities_usa.sqlite in Resources */,
				FAA70433205BF71300BDB76A /* Main.storyboard in Resources */,
			);
			runOnlyForDeploymentPostprocessing = 0;
		};
/* End PBXResourcesBuildPhase section */

/* Begin PBXSourcesBuildPhase section */
		FAA70426205BF71300BDB76A /* Sources */ = {
			isa = PBXSourcesBuildPhase;
			buildActionMask = 2147483647;
			files = (
				FAA70430205BF71300BDB76A /* ViewController.swift in Sources */,
				FA7B64AF205CDF6B00E583BA /* MapViewController.swift in Sources */,
				FAA7042E205BF71300BDB76A /* AppDelegate.swift in Sources */,
				FA959270205F2E6D002F440F /* Model.swift in Sources */,
			);
			runOnlyForDeploymentPostprocessing = 0;
		};
/* End PBXSourcesBuildPhase section */

/* Begin PBXVariantGroup section */
		FAA70431205BF71300BDB76A /* Main.storyboard */ = {
			isa = PBXVariantGroup;
			children = (
				FAA70432205BF71300BDB76A /* Base */,
			);
			name = Main.storyboard;
			sourceTree = "<group>";
		};
		FAA70436205BF71300BDB76A /* LaunchScreen.storyboard */ = {
			isa = PBXVariantGroup;
			children = (
				FAA70437205BF71300BDB76A /* Base */,
			);
			name = LaunchScreen.storyboard;
			sourceTree = "<group>";
		};
/* End PBXVariantGroup section */

/* Begin XCBuildConfiguration section */
		FAA7043A205BF71300BDB76A /* Debug */ = {
			isa = XCBuildConfiguration;
			buildSettings = {
				ALWAYS_SEARCH_USER_PATHS = NO;
				CLANG_ANALYZER_NONNULL = YES;
				CLANG_CXX_LANGUAGE_STANDARD = "gnu++0x";
				CLANG_CXX_LIBRARY = "libc++";
				CLANG_ENABLE_MODULES = YES;
				CLANG_ENABLE_OBJC_ARC = YES;
				CLANG_WARN_BOOL_CONVERSION = YES;
				CLANG_WARN_CONSTANT_CONVERSION = YES;
				CLANG_WARN_DIRECT_OBJC_ISA_USAGE = YES_ERROR;
				CLANG_WARN_DOCUMENTATION_COMMENTS = YES;
				CLANG_WARN_EMPTY_BODY = YES;
				CLANG_WARN_ENUM_CONVERSION = YES;
				CLANG_WARN_INFINITE_RECURSION = YES;
				CLANG_WARN_INT_CONVERSION = YES;
				CLANG_WARN_OBJC_ROOT_CLASS = YES_ERROR;
				CLANG_WARN_SUSPICIOUS_MOVE = YES;
				CLANG_WARN_UNREACHABLE_CODE = YES;
				CLANG_WARN__DUPLICATE_METHOD_MATCH = YES;
				"CODE_SIGN_IDENTITY[sdk=iphoneos*]" = "iPhone Developer";
				COPY_PHASE_STRIP = NO;
				DEBUG_INFORMATION_FORMAT = dwarf;
				ENABLE_STRICT_OBJC_MSGSEND = YES;
				ENABLE_TESTABILITY = YES;
				GCC_C_LANGUAGE_STANDARD = gnu99;
				GCC_DYNAMIC_NO_PIC = NO;
				GCC_NO_COMMON_BLOCKS = YES;
				GCC_OPTIMIZATION_LEVEL = 0;
				GCC_PREPROCESSOR_DEFINITIONS = (
					"DEBUG=1",
					"$(inherited)",
				);
				GCC_WARN_64_TO_32_BIT_CONVERSION = YES;
				GCC_WARN_ABOUT_RETURN_TYPE = YES_ERROR;
				GCC_WARN_UNDECLARED_SELECTOR = YES;
				GCC_WARN_UNINITIALIZED_AUTOS = YES_AGGRESSIVE;
				GCC_WARN_UNUSED_FUNCTION = YES;
				GCC_WARN_UNUSED_VARIABLE = YES;
				IPHONEOS_DEPLOYMENT_TARGET = 10.2;
				MTL_ENABLE_DEBUG_INFO = YES;
				ONLY_ACTIVE_ARCH = YES;
				SDKROOT = iphoneos;
				SWIFT_ACTIVE_COMPILATION_CONDITIONS = DEBUG;
				SWIFT_OPTIMIZATION_LEVEL = "-Onone";
			};
			name = Debug;
		};
		FAA7043B205BF71300BDB76A /* Release */ = {
			isa = XCBuildConfiguration;
			buildSettings = {
				ALWAYS_SEARCH_USER_PATHS = NO;
				CLANG_ANALYZER_NONNULL = YES;
				CLANG_CXX_LANGUAGE_STANDARD = "gnu++0x";
				CLANG_CXX_LIBRARY = "libc++";
				CLANG_ENABLE_MODULES = YES;
				CLANG_ENABLE_OBJC_ARC = YES;
				CLANG_WARN_BOOL_CONVERSION = YES;
				CLANG_WARN_CONSTANT_CONVERSION = YES;
				CLANG_WARN_DIRECT_OBJC_ISA_USAGE = YES_ERROR;
				CLANG_WARN_DOCUMENTATION_COMMENTS = YES;
				CLANG_WARN_EMPTY_BODY = YES;
				CLANG_WARN_ENUM_CONVERSION = YES;
				CLANG_WARN_INFINITE_RECURSION = YES;
				CLANG_WARN_INT_CONVERSION = YES;
				CLANG_WARN_OBJC_ROOT_CLASS = YES_ERROR;
				CLANG_WARN_SUSPICIOUS_MOVE = YES;
				CLANG_WARN_UNREACHABLE_CODE = YES;
				CLANG_WARN__DUPLICATE_METHOD_MATCH = YES;
				"CODE_SIGN_IDENTITY[sdk=iphoneos*]" = "iPhone Developer";
				COPY_PHASE_STRIP = NO;
				DEBUG_INFORMATION_FORMAT = "dwarf-with-dsym";
				ENABLE_NS_ASSERTIONS = NO;
				ENABLE_STRICT_OBJC_MSGSEND = YES;
				GCC_C_LANGUAGE_STANDARD = gnu99;
				GCC_NO_COMMON_BLOCKS = YES;
				GCC_WARN_64_TO_32_BIT_CONVERSION = YES;
				GCC_WARN_ABOUT_RETURN_TYPE = YES_ERROR;
				GCC_WARN_UNDECLARED_SELECTOR = YES;
				GCC_WARN_UNINITIALIZED_AUTOS = YES_AGGRESSIVE;
				GCC_WARN_UNUSED_FUNCTION = YES;
				GCC_WARN_UNUSED_VARIABLE = YES;
				IPHONEOS_DEPLOYMENT_TARGET = 10.2;
				MTL_ENABLE_DEBUG_INFO = NO;
				SDKROOT = iphoneos;
				SWIFT_OPTIMIZATION_LEVEL = "-Owholemodule";
				VALIDATE_PRODUCT = YES;
			};
			name = Release;
		};
		FAA7043D205BF71300BDB76A /* Debug */ = {
			isa = XCBuildConfiguration;
			buildSettings = {
				ASSETCATALOG_COMPILER_APPICON_NAME = AppIcon;
				DEVELOPMENT_TEAM = GHNVAZGF88;
				INFOPLIST_FILE = SQLiteCitySearch/Info.plist;
				LD_RUNPATH_SEARCH_PATHS = "$(inherited) @executable_path/Frameworks";
				PRODUCT_BUNDLE_IDENTIFIER = com.jaminya.SQLiteCitySearch;
				PRODUCT_NAME = "$(TARGET_NAME)";
				SWIFT_OBJC_BRIDGING_HEADER = "Bridging-Header.h";
				SWIFT_VERSION = 3.0;
			};
			name = Debug;
		};
		FAA7043E205BF71300BDB76A /* Release */ = {
			isa = XCBuildConfiguration;
			buildSettings = {
				ASSETCATALOG_COMPILER_APPICON_NAME = AppIcon;
				DEVELOPMENT_TEAM = GHNVAZGF88;
				INFOPLIST_FILE = SQLiteCitySearch/Info.plist;
				LD_RUNPATH_SEARCH_PATHS = "$(inherited) @executable_path/Frameworks";
				PRODUCT_BUNDLE_IDENTIFIER = com.jaminya.SQLiteCitySearch;
				PRODUCT_NAME = "$(TARGET_NAME)";
				SWIFT_OBJC_BRIDGING_HEADER = "Bridging-Header.h";
				SWIFT_VERSION = 3.0;
			};
			name = Release;
		};
/* End XCBuildConfiguration section */

/* Begin XCConfigurationList section */
		FAA70425205BF71300BDB76A /* Build configuration list for PBXProject "SQLiteCitySearch" */ = {
			isa = XCConfigurationList;
			buildConfigurations = (
				FAA7043A205BF71300BDB76A /* Debug */,
				FAA7043B205BF71300BDB76A /* Release */,
			);
			defaultConfigurationIsVisible = 0;
			defaultConfigurationName = Release;
		};
		FAA7043C205BF71300BDB76A /* Build configuration list for PBXNativeTarget "SQLiteCitySearch" */ = {
			isa = XCConfigurationList;
			buildConfigurations = (
				FAA7043D205BF71300BDB76A /* Debug */,
				FAA7043E205BF71300BDB76A /* Release */,
			);
			defaultConfigurationIsVisible = 0;
			defaultConfigurationName = Release;
		};
/* End XCConfigurationList section */
	};
	rootObject = FAA70422205BF71300BDB76A /* Project object */;
}
